
Microsoft Visual Studio Solution File, Format Version 12.00
# Visual Studio Version 16
VisualStudioVersion = 16.0.31729.503
MinimumVisualStudioVersion = 10.0.40219.1
Project("{FAE04EC0-301F-11D3-BF4B-00C04F79EFBC}") = "Homework-12", "Homework-12\Homework-12.csproj", "{8C650382-9C43-4DFD-8256-092EEFC7E240}"
EndProject
Global
	GlobalSection(SolutionConfigurationPlatforms) = preSolution
		Debug|Any CPU = Debug|Any CPU
		Release|Any CPU = Release|Any CPU
	EndGlobalSection
	GlobalSection(ProjectConfigurationPlatforms) = postSolution
		{8C650382-9C43-4DFD-8256-092EEFC7E240}.Debug|Any CPU.ActiveCfg = Debug|Any CPU
		{8C650382-9C43-4DFD-8256-092EEFC7E240}.Debug|Any CPU.Build.0 = Debug|Any CPU
		{8C650382-9C43-4DFD-8256-092EEFC7E240}.Release|Any CPU.ActiveCfg = Release|Any CPU
		{8C650382-9C43-4DFD-8256-092EEFC7E240}.Release|Any CPU.Build.0 = Release|Any CPU
	EndGlobalSection
	GlobalSection(SolutionProperties) = preSolution
		HideSolutionNode = FALSE
	EndGlobalSection
	GlobalSection(ExtensibilityGlobals) = postSolution
		SolutionGuid = {63929D76-AF49-4316-B644-89343FF5A9B5}
	EndGlobalSection
EndGlobal
